
Microsoft Visual Studio Solution File, Format Version 12.00
# Visual Studio Version 16
VisualStudioVersion = 16.0.29613.14
MinimumVisualStudioVersion = 10.0.40219.1
Project("{FAE04EC0-301F-11D3-BF4B-00C04F79EFBC}") = "WebApplicationJWT", "WebApplicationJWT\WebApplicationJWT.csproj", "{F48B6A95-B8A9-4379-B18E-2840BEE8894A}"
EndProject
Global
	GlobalSection(SolutionConfigurationPlatforms) = preSolution
		Debug|Any CPU = Debug|Any CPU
		Release|Any CPU = Release|Any CPU
	EndGlobalSection
	GlobalSection(ProjectConfigurationPlatforms) = postSolution
		{F48B6A95-B8A9-4379-B18E-2840BEE8894A}.Debug|Any CPU.ActiveCfg = Debug|Any CPU
		{F48B6A95-B8A9-4379-B18E-2840BEE8894A}.Debug|Any CPU.Build.0 = Debug|Any CPU
		{F48B6A95-B8A9-4379-B18E-2840BEE8894A}.Release|Any CPU.ActiveCfg = Release|Any CPU
		{F48B6A95-B8A9-4379-B18E-2840BEE8894A}.Release|Any CPU.Build.0 = Release|Any CPU
	EndGlobalSection
	GlobalSection(SolutionProperties) = preSolution
		HideSolutionNode = FALSE
	EndGlobalSection
	GlobalSection(ExtensibilityGlobals) = postSolution
		SolutionGuid = {739F17CF-B76D-472F-A39C-2670B4DCA1A0}
	EndGlobalSection
EndGlobal
